// !$*UTF8*$!
{
	archiveVersion = 1;
	classes = {
	};
	objectVersion = 46;
	objects = {

/* Begin PBXBuildFile section */
		BE75CD021BCB36D700C00602 /* AppDelegate.swift in Sources */ = {isa = PBXBuildFile; fileRef = BE75CD011BCB36D700C00602 /* AppDelegate.swift */; };
		BE75CD041BCB36D700C00602 /* ViewController.swift in Sources */ = {isa = PBXBuildFile; fileRef = BE75CD031BCB36D700C00602 /* ViewController.swift */; };
		BE75CD071BCB36D700C00602 /* Main.storyboard in Resources */ = {isa = PBXBuildFile; fileRef = BE75CD051BCB36D700C00602 /* Main.storyboard */; };
		BE75CD091BCB36D700C00602 /* Assets.xcassets in Resources */ = {isa = PBXBuildFile; fileRef = BE75CD081BCB36D700C00602 /* Assets.xcassets */; };
		BE75CD0C1BCB36D700C00602 /* LaunchScreen.storyboard in Resources */ = {isa = PBXBuildFile; fileRef = BE75CD0A1BCB36D700C00602 /* LaunchScreen.storyboard */; };
/* End PBXBuildFile section */

/* Begin PBXFileReference section */
		BE75CCFE1BCB36D700C00602 /* Project4.app */ = {isa = PBXFileReference; explicitFileType = wrapper.application; includeInIndex = 0; path = Project4.app; sourceTree = BUILT_PRODUCTS_DIR; };
		BE75CD011BCB36D700C00602 /* AppDelegate.swift */ = {isa = PBXFileReference; lastKnownFileType = sourcecode.swift; path = AppDelegate.swift; sourceTree = "<group>"; };
		BE75CD031BCB36D700C00602 /* ViewController.swift */ = {isa = PBXFileReference; lastKnownFileType = sourcecode.swift; path = ViewController.swift; sourceTree = "<group>"; };
		BE75CD061BCB36D700C00602 /* Base */ = {isa = PBXFileReference; lastKnownFileType = file.storyboard; name = Base; path = Base.lproj/Main.storyboard; sourceTree = "<group>"; };
		BE75CD081BCB36D700C00602 /* Assets.xcassets */ = {isa = PBXFileReference; lastKnownFileType = folder.assetcatalog; path = Assets.xcassets; sourceTree = "<group>"; };
		BE75CD0B1BCB36D700C00602 /* Base */ = {isa = PBXFileReference; lastKnownFileType = file.storyboard; name = Base; path = Base.lproj/LaunchScreen.storyboard; sourceTree = "<group>"; };
		BE75CD0D1BCB36D700C00602 /* Info.plist */ = {isa = PBXFileReference; lastKnownFileType = text.plist.xml; path = Info.plist; sourceTree = "<group>"; };
/* End PBXFileReference section */

/* Begin PBXFrameworksBuildPhase section */
		BE75CCFB1BCB36D700C00602 /* Frameworks */ = {
			isa = PBXFrameworksBuildPhase;
			buildActionMask = 2147483647;
			files = (
			);
			runOnlyForDeploymentPostprocessing = 0;
		};
/* End PBXFrameworksBuildPhase section */

/* Begin PBXGroup section */
		BE75CCF51BCB36D700C00602 = {
			isa = PBXGroup;
			children = (
				BE75CD001BCB36D700C00602 /* Project4 */,
				BE75CCFF1BCB36D700C00602 /* Products */,
			);
			sourceTree = "<group>";
		};
		BE75CCFF1BCB36D700C00602 /* Products */ = {
			isa = PBXGroup;
			children = (
				BE75CCFE1BCB36D700C00602 /* Project4.app */,
			);
			name = Products;
			sourceTree = "<group>";
		};
		BE75CD001BCB36D700C00602 /* Project4 */ = {
			isa = PBXGroup;
			children = (
				BE75CD011BCB36D700C00602 /* AppDelegate.swift */,
				BE75CD031BCB36D700C00602 /* ViewController.swift */,
				BE75CD051BCB36D700C00602 /* Main.storyboard */,
				BE75CD081BCB36D700C00602 /* Assets.xcassets */,
				BE75CD0A1BCB36D700C00602 /* LaunchScreen.storyboard */,
				BE75CD0D1BCB36D700C00602 /* Info.plist */,
			);
			path = Project4;
			sourceTree = "<group>";
		};
/* End PBXGroup section */

/* Begin PBXNativeTarget section */
		BE75CCFD1BCB36D700C00602 /* Project4 */ = {
			isa = PBXNativeTarget;
			buildConfigurationList = BE75CD101BCB36D700C00602 /* Build configuration list for PBXNativeTarget "Project4" */;
			buildPhases = (
				BE75CCFA1BCB36D700C00602 /* Sources */,
				BE75CCFB1BCB36D700C00602 /* Frameworks */,
				BE75CCFC1BCB36D700C00602 /* Resources */,
			);
			buildRules = (
			);
			dependencies = (
			);
			name = Project4;
			productName = Project4;
			productReference = BE75CCFE1BCB36D700C00602 /* Project4.app */;
			productType = "com.apple.product-type.application";
		};
/* End PBXNativeTarget section */

/* Begin PBXProject section */
		BE75CCF61BCB36D700C00602 /* Project object */ = {
			isa = PBXProject;
			attributes = {
				LastUpgradeCheck = 0700;
				ORGANIZATIONNAME = nbkdev;
				TargetAttributes = {
					BE75CCFD1BCB36D700C00602 = {
						CreatedOnToolsVersion = 7.0;
					};
				};
			};
			buildConfigurationList = BE75CCF91BCB36D700C00602 /* Build configuration list for PBXProject "Project4" */;
			compatibilityVersion = "Xcode 3.2";
			developmentRegion = English;
			hasScannedForEncodings = 0;
			knownRegions = (
				en,
				Base,
			);
			mainGroup = BE75CCF51BCB36D700C00602;
			productRefGroup = BE75CCFF1BCB36D700C00602 /* Products */;
			projectDirPath = "";
			projectRoot = "";
			targets = (
				BE75CCFD1BCB36D700C00602 /* Project4 */,
			);
		};
/* End PBXProject section */

/* Begin PBXResourcesBuildPhase section */
		BE75CCFC1BCB36D700C00602 /* Resources */ = {
			isa = PBXResourcesBuildPhase;
			buildActionMask = 2147483647;
			files = (
				BE75CD0C1BCB36D700C00602 /* LaunchScreen.storyboard in Resources */,
				BE75CD091BCB36D700C00602 /* Assets.xcassets in Resources */,
				BE75CD071BCB36D700C00602 /* Main.storyboard in Resources */,
			);
			runOnlyForDeploymentPostprocessing = 0;
		};
/* End PBXResourcesBuildPhase section */

/* Begin PBXSourcesBuildPhase section */
		BE75CCFA1BCB36D700C00602 /* Sources */ = {
			isa = PBXSourcesBuildPhase;
			buildActionMask = 2147483647;
			files = (
				BE75CD041BCB36D700C00602 /* ViewController.swift in Sources */,
				BE75CD021BCB36D700C00602 /* AppDelegate.swift in Sources */,
			);
			runOnlyForDeploymentPostprocessing = 0;
		};
/* End PBXSourcesBuildPhase section */

/* Begin PBXVariantGroup section */
		BE75CD051BCB36D700C00602 /* Main.storyboard */ = {
			isa = PBXVariantGroup;
			children = (
				BE75CD061BCB36D700C00602 /* Base */,
			);
			name = Main.storyboard;
			sourceTree = "<group>";
		};
		BE75CD0A1BCB36D700C00602 /* LaunchScreen.storyboard */ = {
			isa = PBXVariantGroup;
			children = (
				BE75CD0B1BCB36D700C00602 /* Base */,
			);
			name = LaunchScreen.storyboard;
			sourceTree = "<group>";
		};
/* End PBXVariantGroup section */

/* Begin XCBuildConfiguration section */
		BE75CD0E1BCB36D700C00602 /* Debug */ = {
			isa = XCBuildConfiguration;
			buildSettings = {
				ALWAYS_SEARCH_USER_PATHS = NO;
				CLANG_CXX_LANGUAGE_STANDARD = "gnu++0x";
				CLANG_CXX_LIBRARY = "libc++";
				CLANG_ENABLE_MODULES = YES;
				CLANG_ENABLE_OBJC_ARC = YES;
				CLANG_WARN_BOOL_CONVERSION = YES;
				CLANG_WARN_CONSTANT_CONVERSION = YES;
				CLANG_WARN_DIRECT_OBJC_ISA_USAGE = YES_ERROR;
				CLANG_WARN_EMPTY_BODY = YES;
				CLANG_WARN_ENUM_CONVERSION = YES;
				CLANG_WARN_INT_CONVERSION = YES;
				CLANG_WARN_OBJC_ROOT_CLASS = YES_ERROR;
				CLANG_WARN_UNREACHABLE_CODE = YES;
				CLANG_WARN__DUPLICATE_METHOD_MATCH = YES;
				"CODE_SIGN_IDENTITY[sdk=iphoneos*]" = "iPhone Developer";
				COPY_PHASE_STRIP = NO;
				DEBUG_INFORMATION_FORMAT = dwarf;
				ENABLE_STRICT_OBJC_MSGSEND = YES;
				ENABLE_TESTABILITY = YES;
				GCC_C_LANGUAGE_STANDARD = gnu99;
				GCC_DYNAMIC_NO_PIC = NO;
				GCC_NO_COMMON_BLOCKS = YES;
				GCC_OPTIMIZATION_LEVEL = 0;
				GCC_PREPROCESSOR_DEFINITIONS = (
					"DEBUG=1",
					"$(inherited)",
				);
				GCC_WARN_64_TO_32_BIT_CONVERSION = YES;
				GCC_WARN_ABOUT_RETURN_TYPE = YES_ERROR;
				GCC_WARN_UNDECLARED_SELECTOR = YES;
				GCC_WARN_UNINITIALIZED_AUTOS = YES_AGGRESSIVE;
				GCC_WARN_UNUSED_FUNCTION = YES;
				GCC_WARN_UNUSED_VARIABLE = YES;
				IPHONEOS_DEPLOYMENT_TARGET = 9.0;
				MTL_ENABLE_DEBUG_INFO = YES;
				ONLY_ACTIVE_ARCH = YES;
				SDKROOT = iphoneos;
				SWIFT_OPTIMIZATION_LEVEL = "-Onone";
			};
			name = Debug;
		};
		BE75CD0F1BCB36D700C00602 /* Release */ = {
			isa = XCBuildConfiguration;
			buildSettings = {
				ALWAYS_SEARCH_USER_PATHS = NO;
				CLANG_CXX_LANGUAGE_STANDARD = "gnu++0x";
				CLANG_CXX_LIBRARY = "libc++";
				CLANG_ENABLE_MODULES = YES;
				CLANG_ENABLE_OBJC_ARC = YES;
				CLANG_WARN_BOOL_CONVERSION = YES;
				CLANG_WARN_CONSTANT_CONVERSION = YES;
				CLANG_WARN_DIRECT_OBJC_ISA_USAGE = YES_ERROR;
				CLANG_WARN_EMPTY_BODY = YES;
				CLANG_WARN_ENUM_CONVERSION = YES;
				CLANG_WARN_INT_CONVERSION = YES;
				CLANG_WARN_OBJC_ROOT_CLASS = YES_ERROR;
				CLANG_WARN_UNREACHABLE_CODE = YES;
				CLANG_WARN__DUPLICATE_METHOD_MATCH = YES;
				"CODE_SIGN_IDENTITY[sdk=iphoneos*]" = "iPhone Developer";
				COPY_PHASE_STRIP = NO;
				DEBUG_INFORMATION_FORMAT = "dwarf-with-dsym";
				ENABLE_NS_ASSERTIONS = NO;
				ENABLE_STRICT_OBJC_MSGSEND = YES;
				GCC_C_LANGUAGE_STANDARD = gnu99;
				GCC_NO_COMMON_BLOCKS = YES;
				GCC_WARN_64_TO_32_BIT_CONVERSION = YES;
				GCC_WARN_ABOUT_RETURN_TYPE = YES_ERROR;
				GCC_WARN_UNDECLARED_SELECTOR = YES;
				GCC_WARN_UNINITIALIZED_AUTOS = YES_AGGRESSIVE;
				GCC_WARN_UNUSED_FUNCTION = YES;
				GCC_WARN_UNUSED_VARIABLE = YES;
				IPHONEOS_DEPLOYMENT_TARGET = 9.0;
				MTL_ENABLE_DEBUG_INFO = NO;
				SDKROOT = iphoneos;
				VALIDATE_PRODUCT = YES;
			};
			name = Release;
		};
		BE75CD111BCB36D700C00602 /* Debug */ = {
			isa = XCBuildConfiguration;
			buildSettings = {
				ASSETCATALOG_COMPILER_APPICON_NAME = AppIcon;
				INFOPLIST_FILE = Project4/Info.plist;
				LD_RUNPATH_SEARCH_PATHS = "$(inherited) @executable_path/Frameworks";
				PRODUCT_BUNDLE_IDENTIFIER = nbkdev.Project4;
				PRODUCT_NAME = "$(TARGET_NAME)";
			};
			name = Debug;
		};
		BE75CD121BCB36D700C00602 /* Release */ = {
			isa = XCBuildConfiguration;
			buildSettings = {
				ASSETCATALOG_COMPILER_APPICON_NAME = AppIcon;
				INFOPLIST_FILE = Project4/Info.plist;
				LD_RUNPATH_SEARCH_PATHS = "$(inherited) @executable_path/Frameworks";
				PRODUCT_BUNDLE_IDENTIFIER = nbkdev.Project4;
				PRODUCT_NAME = "$(TARGET_NAME)";
			};
			name = Release;
		};
/* End XCBuildConfiguration section */

/* Begin XCConfigurationList section */
		BE75CCF91BCB36D700C00602 /* Build configuration list for PBXProject "Project4" */ = {
			isa = XCConfigurationList;
			buildConfigurations = (
				BE75CD0E1BCB36D700C00602 /* Debug */,
				BE75CD0F1BCB36D700C00602 /* Release */,
			);
			defaultConfigurationIsVisible = 0;
			defaultConfigurationName = Release;
		};
		BE75CD101BCB36D700C00602 /* Build configuration list for PBXNativeTarget "Project4" */ = {
			isa = XCConfigurationList;
			buildConfigurations = (
				BE75CD111BCB36D700C00602 /* Debug */,
				BE75CD121BCB36D700C00602 /* Release */,
			);
			defaultConfigurationIsVisible = 0;
		};
/* End XCConfigurationList section */
	};
	rootObject = BE75CCF61BCB36D700C00602 /* Project object */;
}
